{
  "name": "Beats",
  "version": "1.0.0",
  "lockfileVersion": 1,
  "requires": true,
  "dependencies": {
    "gulp-rm": {
      "version": "2.0.0",
      "resolved": "https://registry.npmjs.org/gulp-rm/-/gulp-rm-2.0.0.tgz",
      "integrity": "sha512-42MbU8JCV91FK/Psz7S6oq8KSH50b3a4nvMzoV2zJB+UMjwjVTQqa2Gojp8M6Go9iPDmYBlqiTbcJGI5S5csBA==",
      "dev": true
    }
  }
}
